
Microsoft Visual Studio Solution File, Format Version 12.00
# Visual Studio Version 16
VisualStudioVersion = 16.0.33027.164
MinimumVisualStudioVersion = 10.0.40219.1
Project("{9092AA53-FB77-4645-B42D-1CCCA6BD08BD}") = "Z1.4", "Z1.4\Z1.4.njsproj", "{06F0D03D-EB35-46B6-931B-3434B424480A}"
EndProject
Global
	GlobalSection(SolutionConfigurationPlatforms) = preSolution
		Debug|Any CPU = Debug|Any CPU
		Release|Any CPU = Release|Any CPU
	EndGlobalSection
	GlobalSection(ProjectConfigurationPlatforms) = postSolution
		{06F0D03D-EB35-46B6-931B-3434B424480A}.Debug|Any CPU.ActiveCfg = Debug|Any CPU
		{06F0D03D-EB35-46B6-931B-3434B424480A}.Debug|Any CPU.Build.0 = Debug|Any CPU
		{06F0D03D-EB35-46B6-931B-3434B424480A}.Release|Any CPU.ActiveCfg = Release|Any CPU
		{06F0D03D-EB35-46B6-931B-3434B424480A}.Release|Any CPU.Build.0 = Release|Any CPU
	EndGlobalSection
	GlobalSection(SolutionProperties) = preSolution
		HideSolutionNode = FALSE
	EndGlobalSection
	GlobalSection(ExtensibilityGlobals) = postSolution
		SolutionGuid = {70C4D0B1-49ED-487F-BFAF-04F4FFC04832}
	EndGlobalSection
EndGlobal
